
Microsoft Visual Studio Solution File, Format Version 12.00
# Visual Studio Version 17
VisualStudioVersion = 17.14.36623.8
MinimumVisualStudioVersion = 10.0.40219.1
Project("{FAE04EC0-301F-11D3-BF4B-00C04F79EFBC}") = "AbstractClassesAndInterfaces", "AbstractClassesAndInterfaces\AbstractClassesAndInterfaces.csproj", "{F94A06F0-513E-479D-8930-8C5B63E0943E}"
EndProject
Project("{FAE04EC0-301F-11D3-BF4B-00C04F79EFBC}") = "ClassLibrary1", "ClassLibrary1\ClassLibrary1.csproj", "{A594D7A2-FC49-4088-9A58-00AE65AFF510}"
EndProject
Global
	GlobalSection(SolutionConfigurationPlatforms) = preSolution
		Debug|Any CPU = Debug|Any CPU
		Release|Any CPU = Release|Any CPU
	EndGlobalSection
	GlobalSection(ProjectConfigurationPlatforms) = postSolution
		{F94A06F0-513E-479D-8930-8C5B63E0943E}.Debug|Any CPU.ActiveCfg = Debug|Any CPU
		{F94A06F0-513E-479D-8930-8C5B63E0943E}.Debug|Any CPU.Build.0 = Debug|Any CPU
		{F94A06F0-513E-479D-8930-8C5B63E0943E}.Release|Any CPU.ActiveCfg = Release|Any CPU
		{F94A06F0-513E-479D-8930-8C5B63E0943E}.Release|Any CPU.Build.0 = Release|Any CPU
		{A594D7A2-FC49-4088-9A58-00AE65AFF510}.Debug|Any CPU.ActiveCfg = Debug|Any CPU
		{A594D7A2-FC49-4088-9A58-00AE65AFF510}.Debug|Any CPU.Build.0 = Debug|Any CPU
		{A594D7A2-FC49-4088-9A58-00AE65AFF510}.Release|Any CPU.ActiveCfg = Release|Any CPU
		{A594D7A2-FC49-4088-9A58-00AE65AFF510}.Release|Any CPU.Build.0 = Release|Any CPU
	EndGlobalSection
	GlobalSection(SolutionProperties) = preSolution
		HideSolutionNode = FALSE
	EndGlobalSection
	GlobalSection(ExtensibilityGlobals) = postSolution
		SolutionGuid = {505E106C-6785-4D7D-B159-8023F78BACE9}
	EndGlobalSection
EndGlobal
